
Microsoft Visual Studio Solution File, Format Version 12.00
# Visual Studio Version 17
VisualStudioVersion = 17.11.35303.130
MinimumVisualStudioVersion = 10.0.40219.1
Project("{FAE04EC0-301F-11D3-BF4B-00C04F79EFBC}") = "ConsoleApp20", "ConsoleApp20.csproj", "{70BE7CC1-4780-44E0-AAD0-66DFB9608D31}"
EndProject
Global
	GlobalSection(SolutionConfigurationPlatforms) = preSolution
		Debug|Any CPU = Debug|Any CPU
		Release|Any CPU = Release|Any CPU
	EndGlobalSection
	GlobalSection(ProjectConfigurationPlatforms) = postSolution
		{70BE7CC1-4780-44E0-AAD0-66DFB9608D31}.Debug|Any CPU.ActiveCfg = Debug|Any CPU
		{70BE7CC1-4780-44E0-AAD0-66DFB9608D31}.Debug|Any CPU.Build.0 = Debug|Any CPU
		{70BE7CC1-4780-44E0-AAD0-66DFB9608D31}.Release|Any CPU.ActiveCfg = Release|Any CPU
		{70BE7CC1-4780-44E0-AAD0-66DFB9608D31}.Release|Any CPU.Build.0 = Release|Any CPU
	EndGlobalSection
	GlobalSection(SolutionProperties) = preSolution
		HideSolutionNode = FALSE
	EndGlobalSection
	GlobalSection(ExtensibilityGlobals) = postSolution
		SolutionGuid = {C80F9046-8C09-4BD1-B255-CD5172A890D4}
	EndGlobalSection
EndGlobal
